
Microsoft Visual Studio Solution File, Format Version 12.00
# Visual Studio Version 17
VisualStudioVersion = 17.7.34024.191
MinimumVisualStudioVersion = 10.0.40219.1
Project("{FAE04EC0-301F-11D3-BF4B-00C04F79EFBC}") = "TranKhanhLinh", "TranKhanhLinh.csproj", "{7905C823-EE8C-4A92-A9C8-87C0E5B97B8C}"
EndProject
Global
	GlobalSection(SolutionConfigurationPlatforms) = preSolution
		Debug|Any CPU = Debug|Any CPU
		Release|Any CPU = Release|Any CPU
	EndGlobalSection
	GlobalSection(ProjectConfigurationPlatforms) = postSolution
		{7905C823-EE8C-4A92-A9C8-87C0E5B97B8C}.Debug|Any CPU.ActiveCfg = Debug|Any CPU
		{7905C823-EE8C-4A92-A9C8-87C0E5B97B8C}.Debug|Any CPU.Build.0 = Debug|Any CPU
		{7905C823-EE8C-4A92-A9C8-87C0E5B97B8C}.Release|Any CPU.ActiveCfg = Release|Any CPU
		{7905C823-EE8C-4A92-A9C8-87C0E5B97B8C}.Release|Any CPU.Build.0 = Release|Any CPU
	EndGlobalSection
	GlobalSection(SolutionProperties) = preSolution
		HideSolutionNode = FALSE
	EndGlobalSection
	GlobalSection(ExtensibilityGlobals) = postSolution
		SolutionGuid = {ED53AD11-A469-44A3-B3EA-6759208C2708}
	EndGlobalSection
EndGlobal
